
Microsoft Visual Studio Solution File, Format Version 12.00
# Visual Studio Version 17
VisualStudioVersion = 17.2.32526.322
MinimumVisualStudioVersion = 10.0.40219.1
Project("{FAE04EC0-301F-11D3-BF4B-00C04F79EFBC}") = "AlmacenRabbitMQ", "AlmacenRabbitMQ\AlmacenRabbitMQ.csproj", "{C0598B11-B43F-49F6-A1DC-7C97FB116D07}"
EndProject
Project("{FAE04EC0-301F-11D3-BF4B-00C04F79EFBC}") = "WebAPIRabbitMQ", "WebAPIRabbitMQ\WebAPIRabbitMQ.csproj", "{685D4510-A2C5-4B22-8D8B-03CAC175D81C}"
EndProject
Global
	GlobalSection(SolutionConfigurationPlatforms) = preSolution
		Debug|Any CPU = Debug|Any CPU
		Release|Any CPU = Release|Any CPU
	EndGlobalSection
	GlobalSection(ProjectConfigurationPlatforms) = postSolution
		{C0598B11-B43F-49F6-A1DC-7C97FB116D07}.Debug|Any CPU.ActiveCfg = Debug|Any CPU
		{C0598B11-B43F-49F6-A1DC-7C97FB116D07}.Debug|Any CPU.Build.0 = Debug|Any CPU
		{C0598B11-B43F-49F6-A1DC-7C97FB116D07}.Release|Any CPU.ActiveCfg = Release|Any CPU
		{C0598B11-B43F-49F6-A1DC-7C97FB116D07}.Release|Any CPU.Build.0 = Release|Any CPU
		{685D4510-A2C5-4B22-8D8B-03CAC175D81C}.Debug|Any CPU.ActiveCfg = Debug|Any CPU
		{685D4510-A2C5-4B22-8D8B-03CAC175D81C}.Debug|Any CPU.Build.0 = Debug|Any CPU
		{685D4510-A2C5-4B22-8D8B-03CAC175D81C}.Release|Any CPU.ActiveCfg = Release|Any CPU
		{685D4510-A2C5-4B22-8D8B-03CAC175D81C}.Release|Any CPU.Build.0 = Release|Any CPU
	EndGlobalSection
	GlobalSection(SolutionProperties) = preSolution
		HideSolutionNode = FALSE
	EndGlobalSection
	GlobalSection(ExtensibilityGlobals) = postSolution
		SolutionGuid = {6326F735-A2F3-415C-AE07-2CCF83A2AF06}
	EndGlobalSection
EndGlobal
